// !$*UTF8*$!
{
	archiveVersion = 1;
	classes = {
	};
	objectVersion = 56;
	objects = {

/* Begin PBXBuildFile section */
		F969514C2C217E31009A4362 /* HUDHero in Frameworks */ = {isa = PBXBuildFile; productRef = F969514B2C217E31009A4362 /* HUDHero */; };
		F96C91BF2C249C9200994E08 /* BookListView.swift in Sources */ = {isa = PBXBuildFile; fileRef = F96C91BE2C249C9200994E08 /* BookListView.swift */; };
		F96C91C22C249CCC00994E08 /* Book.swift in Sources */ = {isa = PBXBuildFile; fileRef = F96C91C12C249CCC00994E08 /* Book.swift */; };
		F96C91C72C24B87A00994E08 /* BooksViewModel.swift in Sources */ = {isa = PBXBuildFile; fileRef = F96C91C62C24B87A00994E08 /* BooksViewModel.swift */; };
		F9DDB8792C217897007D1621 /* MultiplatformAppApp.swift in Sources */ = {isa = PBXBuildFile; fileRef = F9DDB8782C217897007D1621 /* MultiplatformAppApp.swift */; };
		F9DDB87B2C217897007D1621 /* ContentView.swift in Sources */ = {isa = PBXBuildFile; fileRef = F9DDB87A2C217897007D1621 /* ContentView.swift */; };
		F9DDB87D2C217897007D1621 /* Assets.xcassets in Resources */ = {isa = PBXBuildFile; fileRef = F9DDB87C2C217897007D1621 /* Assets.xcassets */; };
		F9DDB8812C217897007D1621 /* Preview Assets.xcassets in Resources */ = {isa = PBXBuildFile; fileRef = F9DDB8802C217897007D1621 /* Preview Assets.xcassets */; };
		F9DDB88B2C217897007D1621 /* MultiplatformAppTests.swift in Sources */ = {isa = PBXBuildFile; fileRef = F9DDB88A2C217897007D1621 /* MultiplatformAppTests.swift */; };
		F9DDB8952C217897007D1621 /* MultiplatformAppUITests.swift in Sources */ = {isa = PBXBuildFile; fileRef = F9DDB8942C217897007D1621 /* MultiplatformAppUITests.swift */; };
		F9DDB8972C217897007D1621 /* MultiplatformAppUITestsLaunchTests.swift in Sources */ = {isa = PBXBuildFile; fileRef = F9DDB8962C217897007D1621 /* MultiplatformAppUITestsLaunchTests.swift */; };
/* End PBXBuildFile section */

/* Begin PBXContainerItemProxy section */
		F9DDB8872C217897007D1621 /* PBXContainerItemProxy */ = {
			isa = PBXContainerItemProxy;
			containerPortal = F9DDB86D2C217897007D1621 /* Project object */;
			proxyType = 1;
			remoteGlobalIDString = F9DDB8742C217897007D1621;
			remoteInfo = MultiplatformApp;
		};
		F9DDB8912C217897007D1621 /* PBXContainerItemProxy */ = {
			isa = PBXContainerItemProxy;
			containerPortal = F9DDB86D2C217897007D1621 /* Project object */;
			proxyType = 1;
			remoteGlobalIDString = F9DDB8742C217897007D1621;
			remoteInfo = MultiplatformApp;
		};
/* End PBXContainerItemProxy section */

/* Begin PBXFileReference section */
		F96C91BE2C249C9200994E08 /* BookListView.swift */ = {isa = PBXFileReference; lastKnownFileType = sourcecode.swift; path = BookListView.swift; sourceTree = "<group>"; };
		F96C91C12C249CCC00994E08 /* Book.swift */ = {isa = PBXFileReference; lastKnownFileType = sourcecode.swift; path = Book.swift; sourceTree = "<group>"; };
		F96C91C62C24B87A00994E08 /* BooksViewModel.swift */ = {isa = PBXFileReference; lastKnownFileType = sourcecode.swift; path = BooksViewModel.swift; sourceTree = "<group>"; };
		F9DDB8752C217897007D1621 /* MultiplatformApp.app */ = {isa = PBXFileReference; explicitFileType = wrapper.application; includeInIndex = 0; path = MultiplatformApp.app; sourceTree = BUILT_PRODUCTS_DIR; };
		F9DDB8782C217897007D1621 /* MultiplatformAppApp.swift */ = {isa = PBXFileReference; lastKnownFileType = sourcecode.swift; path = MultiplatformAppApp.swift; sourceTree = "<group>"; };
		F9DDB87A2C217897007D1621 /* ContentView.swift */ = {isa = PBXFileReference; lastKnownFileType = sourcecode.swift; path = ContentView.swift; sourceTree = "<group>"; };
		F9DDB87C2C217897007D1621 /* Assets.xcassets */ = {isa = PBXFileReference; lastKnownFileType = folder.assetcatalog; path = Assets.xcassets; sourceTree = "<group>"; };
		F9DDB87E2C217897007D1621 /* MultiplatformApp.entitlements */ = {isa = PBXFileReference; lastKnownFileType = text.plist.entitlements; path = MultiplatformApp.entitlements; sourceTree = "<group>"; };
		F9DDB8802C217897007D1621 /* Preview Assets.xcassets */ = {isa = PBXFileReference; lastKnownFileType = folder.assetcatalog; path = "Preview Assets.xcassets"; sourceTree = "<group>"; };
		F9DDB8862C217897007D1621 /* MultiplatformAppTests.xctest */ = {isa = PBXFileReference; explicitFileType = wrapper.cfbundle; includeInIndex = 0; path = MultiplatformAppTests.xctest; sourceTree = BUILT_PRODUCTS_DIR; };
		F9DDB88A2C217897007D1621 /* MultiplatformAppTests.swift */ = {isa = PBXFileReference; lastKnownFileType = sourcecode.swift; path = MultiplatformAppTests.swift; sourceTree = "<group>"; };
		F9DDB8902C217897007D1621 /* MultiplatformAppUITests.xctest */ = {isa = PBXFileReference; explicitFileType = wrapper.cfbundle; includeInIndex = 0; path = MultiplatformAppUITests.xctest; sourceTree = BUILT_PRODUCTS_DIR; };
		F9DDB8942C217897007D1621 /* MultiplatformAppUITests.swift */ = {isa = PBXFileReference; lastKnownFileType = sourcecode.swift; path = MultiplatformAppUITests.swift; sourceTree = "<group>"; };
		F9DDB8962C217897007D1621 /* MultiplatformAppUITestsLaunchTests.swift */ = {isa = PBXFileReference; lastKnownFileType = sourcecode.swift; path = MultiplatformAppUITestsLaunchTests.swift; sourceTree = "<group>"; };
		F9E989F22C21794A008D725A /* HUDHero */ = {isa = PBXFileReference; lastKnownFileType = wrapper; name = HUDHero; path = ../..; sourceTree = "<group>"; };
/* End PBXFileReference section */

/* Begin PBXFrameworksBuildPhase section */
		F9DDB8722C217897007D1621 /* Frameworks */ = {
			isa = PBXFrameworksBuildPhase;
			buildActionMask = 2147483647;
			files = (
				F969514C2C217E31009A4362 /* HUDHero in Frameworks */,
			);
			runOnlyForDeploymentPostprocessing = 0;
		};
		F9DDB8832C217897007D1621 /* Frameworks */ = {
			isa = PBXFrameworksBuildPhase;
			buildActionMask = 2147483647;
			files = (
			);
			runOnlyForDeploymentPostprocessing = 0;
		};
		F9DDB88D2C217897007D1621 /* Frameworks */ = {
			isa = PBXFrameworksBuildPhase;
			buildActionMask = 2147483647;
			files = (
			);
			runOnlyForDeploymentPostprocessing = 0;
		};
/* End PBXFrameworksBuildPhase section */

/* Begin PBXGroup section */
		F969514A2C217E31009A4362 /* Frameworks */ = {
			isa = PBXGroup;
			children = (
			);
			name = Frameworks;
			sourceTree = "<group>";
		};
		F96C91BC2C249C2400994E08 /* Screens */ = {
			isa = PBXGroup;
			children = (
				F9DDB87A2C217897007D1621 /* ContentView.swift */,
			);
			path = Screens;
			sourceTree = "<group>";
		};
		F96C91BD2C249C4400994E08 /* Views */ = {
			isa = PBXGroup;
			children = (
				F96C91BE2C249C9200994E08 /* BookListView.swift */,
			);
			path = Views;
			sourceTree = "<group>";
		};
		F96C91C02C249CC000994E08 /* Models */ = {
			isa = PBXGroup;
			children = (
				F96C91C12C249CCC00994E08 /* Book.swift */,
			);
			path = Models;
			sourceTree = "<group>";
		};
		F96C91C52C24B86800994E08 /* ViewModels */ = {
			isa = PBXGroup;
			children = (
				F96C91C62C24B87A00994E08 /* BooksViewModel.swift */,
			);
			path = ViewModels;
			sourceTree = "<group>";
		};
		F9DDB86C2C217897007D1621 = {
			isa = PBXGroup;
			children = (
				F9E989F22C21794A008D725A /* HUDHero */,
				F9DDB8772C217897007D1621 /* MultiplatformApp */,
				F9DDB8892C217897007D1621 /* MultiplatformAppTests */,
				F9DDB8932C217897007D1621 /* MultiplatformAppUITests */,
				F9DDB8762C217897007D1621 /* Products */,
				F969514A2C217E31009A4362 /* Frameworks */,
			);
			sourceTree = "<group>";
		};
		F9DDB8762C217897007D1621 /* Products */ = {
			isa = PBXGroup;
			children = (
				F9DDB8752C217897007D1621 /* MultiplatformApp.app */,
				F9DDB8862C217897007D1621 /* MultiplatformAppTests.xctest */,
				F9DDB8902C217897007D1621 /* MultiplatformAppUITests.xctest */,
			);
			name = Products;
			sourceTree = "<group>";
		};
		F9DDB8772C217897007D1621 /* MultiplatformApp */ = {
			isa = PBXGroup;
			children = (
				F96C91C52C24B86800994E08 /* ViewModels */,
				F96C91C02C249CC000994E08 /* Models */,
				F96C91BD2C249C4400994E08 /* Views */,
				F96C91BC2C249C2400994E08 /* Screens */,
				F9DDB8782C217897007D1621 /* MultiplatformAppApp.swift */,
				F9DDB87C2C217897007D1621 /* Assets.xcassets */,
				F9DDB87E2C217897007D1621 /* MultiplatformApp.entitlements */,
				F9DDB87F2C217897007D1621 /* Preview Content */,
			);
			path = MultiplatformApp;
			sourceTree = "<group>";
		};
		F9DDB87F2C217897007D1621 /* Preview Content */ = {
			isa = PBXGroup;
			children = (
				F9DDB8802C217897007D1621 /* Preview Assets.xcassets */,
			);
			path = "Preview Content";
			sourceTree = "<group>";
		};
		F9DDB8892C217897007D1621 /* MultiplatformAppTests */ = {
			isa = PBXGroup;
			children = (
				F9DDB88A2C217897007D1621 /* MultiplatformAppTests.swift */,
			);
			path = MultiplatformAppTests;
			sourceTree = "<group>";
		};
		F9DDB8932C217897007D1621 /* MultiplatformAppUITests */ = {
			isa = PBXGroup;
			children = (
				F9DDB8942C217897007D1621 /* MultiplatformAppUITests.swift */,
				F9DDB8962C217897007D1621 /* MultiplatformAppUITestsLaunchTests.swift */,
			);
			path = MultiplatformAppUITests;
			sourceTree = "<group>";
		};
/* End PBXGroup section */

/* Begin PBXNativeTarget section */
		F9DDB8742C217897007D1621 /* MultiplatformApp */ = {
			isa = PBXNativeTarget;
			buildConfigurationList = F9DDB89A2C217897007D1621 /* Build configuration list for PBXNativeTarget "MultiplatformApp" */;
			buildPhases = (
				F9DDB8712C217897007D1621 /* Sources */,
				F9DDB8722C217897007D1621 /* Frameworks */,
				F9DDB8732C217897007D1621 /* Resources */,
			);
			buildRules = (
			);
			dependencies = (
			);
			name = MultiplatformApp;
			packageProductDependencies = (
				F969514B2C217E31009A4362 /* HUDHero */,
			);
			productName = MultiplatformApp;
			productReference = F9DDB8752C217897007D1621 /* MultiplatformApp.app */;
			productType = "com.apple.product-type.application";
		};
		F9DDB8852C217897007D1621 /* MultiplatformAppTests */ = {
			isa = PBXNativeTarget;
			buildConfigurationList = F9DDB89D2C217897007D1621 /* Build configuration list for PBXNativeTarget "MultiplatformAppTests" */;
			buildPhases = (
				F9DDB8822C217897007D1621 /* Sources */,
				F9DDB8832C217897007D1621 /* Frameworks */,
				F9DDB8842C217897007D1621 /* Resources */,
			);
			buildRules = (
			);
			dependencies = (
				F9DDB8882C217897007D1621 /* PBXTargetDependency */,
			);
			name = MultiplatformAppTests;
			productName = MultiplatformAppTests;
			productReference = F9DDB8862C217897007D1621 /* MultiplatformAppTests.xctest */;
			productType = "com.apple.product-type.bundle.unit-test";
		};
		F9DDB88F2C217897007D1621 /* MultiplatformAppUITests */ = {
			isa = PBXNativeTarget;
			buildConfigurationList = F9DDB8A02C217897007D1621 /* Build configuration list for PBXNativeTarget "MultiplatformAppUITests" */;
			buildPhases = (
				F9DDB88C2C217897007D1621 /* Sources */,
				F9DDB88D2C217897007D1621 /* Frameworks */,
				F9DDB88E2C217897007D1621 /* Resources */,
			);
			buildRules = (
			);
			dependencies = (
				F9DDB8922C217897007D1621 /* PBXTargetDependency */,
			);
			name = MultiplatformAppUITests;
			productName = MultiplatformAppUITests;
			productReference = F9DDB8902C217897007D1621 /* MultiplatformAppUITests.xctest */;
			productType = "com.apple.product-type.bundle.ui-testing";
		};
/* End PBXNativeTarget section */

/* Begin PBXProject section */
		F9DDB86D2C217897007D1621 /* Project object */ = {
			isa = PBXProject;
			attributes = {
				BuildIndependentTargetsInParallel = 1;
				LastSwiftUpdateCheck = 1540;
				LastUpgradeCheck = 1540;
				TargetAttributes = {
					F9DDB8742C217897007D1621 = {
						CreatedOnToolsVersion = 15.4;
					};
					F9DDB8852C217897007D1621 = {
						CreatedOnToolsVersion = 15.4;
						TestTargetID = F9DDB8742C217897007D1621;
					};
					F9DDB88F2C217897007D1621 = {
						CreatedOnToolsVersion = 15.4;
						TestTargetID = F9DDB8742C217897007D1621;
					};
				};
			};
			buildConfigurationList = F9DDB8702C217897007D1621 /* Build configuration list for PBXProject "MultiplatformApp" */;
			compatibilityVersion = "Xcode 14.0";
			developmentRegion = en;
			hasScannedForEncodings = 0;
			knownRegions = (
				en,
				Base,
			);
			mainGroup = F9DDB86C2C217897007D1621;
			productRefGroup = F9DDB8762C217897007D1621 /* Products */;
			projectDirPath = "";
			projectRoot = "";
			targets = (
				F9DDB8742C217897007D1621 /* MultiplatformApp */,
				F9DDB8852C217897007D1621 /* MultiplatformAppTests */,
				F9DDB88F2C217897007D1621 /* MultiplatformAppUITests */,
			);
		};
/* End PBXProject section */

/* Begin PBXResourcesBuildPhase section */
		F9DDB8732C217897007D1621 /* Resources */ = {
			isa = PBXResourcesBuildPhase;
			buildActionMask = 2147483647;
			files = (
				F9DDB8812C217897007D1621 /* Preview Assets.xcassets in Resources */,
				F9DDB87D2C217897007D1621 /* Assets.xcassets in Resources */,
			);
			runOnlyForDeploymentPostprocessing = 0;
		};
		F9DDB8842C217897007D1621 /* Resources */ = {
			isa = PBXResourcesBuildPhase;
			buildActionMask = 2147483647;
			files = (
			);
			runOnlyForDeploymentPostprocessing = 0;
		};
		F9DDB88E2C217897007D1621 /* Resources */ = {
			isa = PBXResourcesBuildPhase;
			buildActionMask = 2147483647;
			files = (
			);
			runOnlyForDeploymentPostprocessing = 0;
		};
/* End PBXResourcesBuildPhase section */

/* Begin PBXSourcesBuildPhase section */
		F9DDB8712C217897007D1621 /* Sources */ = {
			isa = PBXSourcesBuildPhase;
			buildActionMask = 2147483647;
			files = (
				F96C91C72C24B87A00994E08 /* BooksViewModel.swift in Sources */,
				F96C91C22C249CCC00994E08 /* Book.swift in Sources */,
				F9DDB87B2C217897007D1621 /* ContentView.swift in Sources */,
				F96C91BF2C249C9200994E08 /* BookListView.swift in Sources */,
				F9DDB8792C217897007D1621 /* MultiplatformAppApp.swift in Sources */,
			);
			runOnlyForDeploymentPostprocessing = 0;
		};
		F9DDB8822C217897007D1621 /* Sources */ = {
			isa = PBXSourcesBuildPhase;
			buildActionMask = 2147483647;
			files = (
				F9DDB88B2C217897007D1621 /* MultiplatformAppTests.swift in Sources */,
			);
			runOnlyForDeploymentPostprocessing = 0;
		};
		F9DDB88C2C217897007D1621 /* Sources */ = {
			isa = PBXSourcesBuildPhase;
			buildActionMask = 2147483647;
			files = (
				F9DDB8952C217897007D1621 /* MultiplatformAppUITests.swift in Sources */,
				F9DDB8972C217897007D1621 /* MultiplatformAppUITestsLaunchTests.swift in Sources */,
			);
			runOnlyForDeploymentPostprocessing = 0;
		};
/* End PBXSourcesBuildPhase section */

/* Begin PBXTargetDependency section */
		F9DDB8882C217897007D1621 /* PBXTargetDependency */ = {
			isa = PBXTargetDependency;
			target = F9DDB8742C217897007D1621 /* MultiplatformApp */;
			targetProxy = F9DDB8872C217897007D1621 /* PBXContainerItemProxy */;
		};
		F9DDB8922C217897007D1621 /* PBXTargetDependency */ = {
			isa = PBXTargetDependency;
			target = F9DDB8742C217897007D1621 /* MultiplatformApp */;
			targetProxy = F9DDB8912C217897007D1621 /* PBXContainerItemProxy */;
		};
/* End PBXTargetDependency section */

/* Begin XCBuildConfiguration section */
		F9DDB8982C217897007D1621 /* Debug */ = {
			isa = XCBuildConfiguration;
			buildSettings = {
				ALWAYS_SEARCH_USER_PATHS = NO;
				ASSETCATALOG_COMPILER_GENERATE_SWIFT_ASSET_SYMBOL_EXTENSIONS = YES;
				CLANG_ANALYZER_NONNULL = YES;
				CLANG_ANALYZER_NUMBER_OBJECT_CONVERSION = YES_AGGRESSIVE;
				CLANG_CXX_LANGUAGE_STANDARD = "gnu++20";
				CLANG_ENABLE_MODULES = YES;
				CLANG_ENABLE_OBJC_ARC = YES;
				CLANG_ENABLE_OBJC_WEAK = YES;
				CLANG_WARN_BLOCK_CAPTURE_AUTORELEASING = YES;
				CLANG_WARN_BOOL_CONVERSION = YES;
				CLANG_WARN_COMMA = YES;
				CLANG_WARN_CONSTANT_CONVERSION = YES;
				CLANG_WARN_DEPRECATED_OBJC_IMPLEMENTATIONS = YES;
				CLANG_WARN_DIRECT_OBJC_ISA_USAGE = YES_ERROR;
				CLANG_WARN_DOCUMENTATION_COMMENTS = YES;
				CLANG_WARN_EMPTY_BODY = YES;
				CLANG_WARN_ENUM_CONVERSION = YES;
				CLANG_WARN_INFINITE_RECURSION = YES;
				CLANG_WARN_INT_CONVERSION = YES;
				CLANG_WARN_NON_LITERAL_NULL_CONVERSION = YES;
				CLANG_WARN_OBJC_IMPLICIT_RETAIN_SELF = YES;
				CLANG_WARN_OBJC_LITERAL_CONVERSION = YES;
				CLANG_WARN_OBJC_ROOT_CLASS = YES_ERROR;
				CLANG_WARN_QUOTED_INCLUDE_IN_FRAMEWORK_HEADER = YES;
				CLANG_WARN_RANGE_LOOP_ANALYSIS = YES;
				CLANG_WARN_STRICT_PROTOTYPES = YES;
				CLANG_WARN_SUSPICIOUS_MOVE = YES;
				CLANG_WARN_UNGUARDED_AVAILABILITY = YES_AGGRESSIVE;
				CLANG_WARN_UNREACHABLE_CODE = YES;
				CLANG_WARN__DUPLICATE_METHOD_MATCH = YES;
				COPY_PHASE_STRIP = NO;
				DEBUG_INFORMATION_FORMAT = dwarf;
				ENABLE_STRICT_OBJC_MSGSEND = YES;
				ENABLE_TESTABILITY = YES;
				ENABLE_USER_SCRIPT_SANDBOXING = YES;
				GCC_C_LANGUAGE_STANDARD = gnu17;
				GCC_DYNAMIC_NO_PIC = NO;
				GCC_NO_COMMON_BLOCKS = YES;
				GCC_OPTIMIZATION_LEVEL = 0;
				GCC_PREPROCESSOR_DEFINITIONS = (
					"DEBUG=1",
					"$(inherited)",
				);
				GCC_WARN_64_TO_32_BIT_CONVERSION = YES;
				GCC_WARN_ABOUT_RETURN_TYPE = YES_ERROR;
				GCC_WARN_UNDECLARED_SELECTOR = YES;
				GCC_WARN_UNINITIALIZED_AUTOS = YES_AGGRESSIVE;
				GCC_WARN_UNUSED_FUNCTION = YES;
				GCC_WARN_UNUSED_VARIABLE = YES;
				LOCALIZATION_PREFERS_STRING_CATALOGS = YES;
				MTL_ENABLE_DEBUG_INFO = INCLUDE_SOURCE;
				MTL_FAST_MATH = YES;
				ONLY_ACTIVE_ARCH = YES;
				SWIFT_ACTIVE_COMPILATION_CONDITIONS = "DEBUG $(inherited)";
				SWIFT_OPTIMIZATION_LEVEL = "-Onone";
			};
			name = Debug;
		};
		F9DDB8992C217897007D1621 /* Release */ = {
			isa = XCBuildConfiguration;
			buildSettings = {
				ALWAYS_SEARCH_USER_PATHS = NO;
				ASSETCATALOG_COMPILER_GENERATE_SWIFT_ASSET_SYMBOL_EXTENSIONS = YES;
				CLANG_ANALYZER_NONNULL = YES;
				CLANG_ANALYZER_NUMBER_OBJECT_CONVERSION = YES_AGGRESSIVE;
				CLANG_CXX_LANGUAGE_STANDARD = "gnu++20";
				CLANG_ENABLE_MODULES = YES;
				CLANG_ENABLE_OBJC_ARC = YES;
				CLANG_ENABLE_OBJC_WEAK = YES;
				CLANG_WARN_BLOCK_CAPTURE_AUTORELEASING = YES;
				CLANG_WARN_BOOL_CONVERSION = YES;
				CLANG_WARN_COMMA = YES;
				CLANG_WARN_CONSTANT_CONVERSION = YES;
				CLANG_WARN_DEPRECATED_OBJC_IMPLEMENTATIONS = YES;
				CLANG_WARN_DIRECT_OBJC_ISA_USAGE = YES_ERROR;
				CLANG_WARN_DOCUMENTATION_COMMENTS = YES;
				CLANG_WARN_EMPTY_BODY = YES;
				CLANG_WARN_ENUM_CONVERSION = YES;
				CLANG_WARN_INFINITE_RECURSION = YES;
				CLANG_WARN_INT_CONVERSION = YES;
				CLANG_WARN_NON_LITERAL_NULL_CONVERSION = YES;
				CLANG_WARN_OBJC_IMPLICIT_RETAIN_SELF = YES;
				CLANG_WARN_OBJC_LITERAL_CONVERSION = YES;
				CLANG_WARN_OBJC_ROOT_CLASS = YES_ERROR;
				CLANG_WARN_QUOTED_INCLUDE_IN_FRAMEWORK_HEADER = YES;
				CLANG_WARN_RANGE_LOOP_ANALYSIS = YES;
				CLANG_WARN_STRICT_PROTOTYPES = YES;
				CLANG_WARN_SUSPICIOUS_MOVE = YES;
				CLANG_WARN_UNGUARDED_AVAILABILITY = YES_AGGRESSIVE;
				CLANG_WARN_UNREACHABLE_CODE = YES;
				CLANG_WARN__DUPLICATE_METHOD_MATCH = YES;
				COPY_PHASE_STRIP = NO;
				DEBUG_INFORMATION_FORMAT = "dwarf-with-dsym";
				ENABLE_NS_ASSERTIONS = NO;
				ENABLE_STRICT_OBJC_MSGSEND = YES;
				ENABLE_USER_SCRIPT_SANDBOXING = YES;
				GCC_C_LANGUAGE_STANDARD = gnu17;
				GCC_NO_COMMON_BLOCKS = YES;
				GCC_WARN_64_TO_32_BIT_CONVERSION = YES;
				GCC_WARN_ABOUT_RETURN_TYPE = YES_ERROR;
				GCC_WARN_UNDECLARED_SELECTOR = YES;
				GCC_WARN_UNINITIALIZED_AUTOS = YES_AGGRESSIVE;
				GCC_WARN_UNUSED_FUNCTION = YES;
				GCC_WARN_UNUSED_VARIABLE = YES;
				LOCALIZATION_PREFERS_STRING_CATALOGS = YES;
				MTL_ENABLE_DEBUG_INFO = NO;
				MTL_FAST_MATH = YES;
				SWIFT_COMPILATION_MODE = wholemodule;
			};
			name = Release;
		};
		F9DDB89B2C217897007D1621 /* Debug */ = {
			isa = XCBuildConfiguration;
			buildSettings = {
				ASSETCATALOG_COMPILER_APPICON_NAME = AppIcon;
				ASSETCATALOG_COMPILER_GLOBAL_ACCENT_COLOR_NAME = AccentColor;
				CODE_SIGN_ENTITLEMENTS = MultiplatformApp/MultiplatformApp.entitlements;
				CODE_SIGN_STYLE = Automatic;
				CURRENT_PROJECT_VERSION = 1;
				DEVELOPMENT_ASSET_PATHS = "\"MultiplatformApp/Preview Content\"";
				ENABLE_PREVIEWS = YES;
				GENERATE_INFOPLIST_FILE = YES;
				"INFOPLIST_KEY_UIApplicationSceneManifest_Generation[sdk=iphoneos*]" = YES;
				"INFOPLIST_KEY_UIApplicationSceneManifest_Generation[sdk=iphonesimulator*]" = YES;
				"INFOPLIST_KEY_UIApplicationSupportsIndirectInputEvents[sdk=iphoneos*]" = YES;
				"INFOPLIST_KEY_UIApplicationSupportsIndirectInputEvents[sdk=iphonesimulator*]" = YES;
				"INFOPLIST_KEY_UILaunchScreen_Generation[sdk=iphoneos*]" = YES;
				"INFOPLIST_KEY_UILaunchScreen_Generation[sdk=iphonesimulator*]" = YES;
				"INFOPLIST_KEY_UIStatusBarStyle[sdk=iphoneos*]" = UIStatusBarStyleDefault;
				"INFOPLIST_KEY_UIStatusBarStyle[sdk=iphonesimulator*]" = UIStatusBarStyleDefault;
				INFOPLIST_KEY_UISupportedInterfaceOrientations_iPad = "UIInterfaceOrientationPortrait UIInterfaceOrientationPortraitUpsideDown UIInterfaceOrientationLandscapeLeft UIInterfaceOrientationLandscapeRight";
				INFOPLIST_KEY_UISupportedInterfaceOrientations_iPhone = "UIInterfaceOrientationPortrait UIInterfaceOrientationLandscapeLeft UIInterfaceOrientationLandscapeRight";
				IPHONEOS_DEPLOYMENT_TARGET = 17.5;
				LD_RUNPATH_SEARCH_PATHS = "@executable_path/Frameworks";
				"LD_RUNPATH_SEARCH_PATHS[sdk=macosx*]" = "@executable_path/../Frameworks";
				MACOSX_DEPLOYMENT_TARGET = 14.5;
				MARKETING_VERSION = 1.0;
				PRODUCT_BUNDLE_IDENTIFIER = dev.jobear.MultiplatformApp;
				PRODUCT_NAME = "$(TARGET_NAME)";
				SDKROOT = auto;
				SUPPORTED_PLATFORMS = "iphoneos iphonesimulator macosx";
				SWIFT_EMIT_LOC_STRINGS = YES;
				SWIFT_VERSION = 5.0;
				TARGETED_DEVICE_FAMILY = "1,2";
			};
			name = Debug;
		};
		F9DDB89C2C217897007D1621 /* Release */ = {
			isa = XCBuildConfiguration;
			buildSettings = {
				ASSETCATALOG_COMPILER_APPICON_NAME = AppIcon;
				ASSETCATALOG_COMPILER_GLOBAL_ACCENT_COLOR_NAME = AccentColor;
				CODE_SIGN_ENTITLEMENTS = MultiplatformApp/MultiplatformApp.entitlements;
				CODE_SIGN_STYLE = Automatic;
				CURRENT_PROJECT_VERSION = 1;
				DEVELOPMENT_ASSET_PATHS = "\"MultiplatformApp/Preview Content\"";
				ENABLE_PREVIEWS = YES;
				GENERATE_INFOPLIST_FILE = YES;
				"INFOPLIST_KEY_UIApplicationSceneManifest_Generation[sdk=iphoneos*]" = YES;
				"INFOPLIST_KEY_UIApplicationSceneManifest_Generation[sdk=iphonesimulator*]" = YES;
				"INFOPLIST_KEY_UIApplicationSupportsIndirectInputEvents[sdk=iphoneos*]" = YES;
				"INFOPLIST_KEY_UIApplicationSupportsIndirectInputEvents[sdk=iphonesimulator*]" = YES;
				"INFOPLIST_KEY_UILaunchScreen_Generation[sdk=iphoneos*]" = YES;
				"INFOPLIST_KEY_UILaunchScreen_Generation[sdk=iphonesimulator*]" = YES;
				"INFOPLIST_KEY_UIStatusBarStyle[sdk=iphoneos*]" = UIStatusBarStyleDefault;
				"INFOPLIST_KEY_UIStatusBarStyle[sdk=iphonesimulator*]" = UIStatusBarStyleDefault;
				INFOPLIST_KEY_UISupportedInterfaceOrientations_iPad = "UIInterfaceOrientationPortrait UIInterfaceOrientationPortraitUpsideDown UIInterfaceOrientationLandscapeLeft UIInterfaceOrientationLandscapeRight";
				INFOPLIST_KEY_UISupportedInterfaceOrientations_iPhone = "UIInterfaceOrientationPortrait UIInterfaceOrientationLandscapeLeft UIInterfaceOrientationLandscapeRight";
				IPHONEOS_DEPLOYMENT_TARGET = 17.5;
				LD_RUNPATH_SEARCH_PATHS = "@executable_path/Frameworks";
				"LD_RUNPATH_SEARCH_PATHS[sdk=macosx*]" = "@executable_path/../Frameworks";
				MACOSX_DEPLOYMENT_TARGET = 14.5;
				MARKETING_VERSION = 1.0;
				PRODUCT_BUNDLE_IDENTIFIER = dev.jobear.MultiplatformApp;
				PRODUCT_NAME = "$(TARGET_NAME)";
				SDKROOT = auto;
				SUPPORTED_PLATFORMS = "iphoneos iphonesimulator macosx";
				SWIFT_EMIT_LOC_STRINGS = YES;
				SWIFT_VERSION = 5.0;
				TARGETED_DEVICE_FAMILY = "1,2";
			};
			name = Release;
		};
		F9DDB89E2C217897007D1621 /* Debug */ = {
			isa = XCBuildConfiguration;
			buildSettings = {
				ALWAYS_EMBED_SWIFT_STANDARD_LIBRARIES = YES;
				BUNDLE_LOADER = "$(TEST_HOST)";
				CODE_SIGN_STYLE = Automatic;
				CURRENT_PROJECT_VERSION = 1;
				GENERATE_INFOPLIST_FILE = YES;
				IPHONEOS_DEPLOYMENT_TARGET = 17.5;
				MACOSX_DEPLOYMENT_TARGET = 14.5;
				MARKETING_VERSION = 1.0;
				PRODUCT_BUNDLE_IDENTIFIER = dev.jobear.MultiplatformAppTests;
				PRODUCT_NAME = "$(TARGET_NAME)";
				SDKROOT = auto;
				SUPPORTED_PLATFORMS = "iphoneos iphonesimulator macosx";
				SWIFT_EMIT_LOC_STRINGS = NO;
				SWIFT_VERSION = 5.0;
				TARGETED_DEVICE_FAMILY = "1,2";
				TEST_HOST = "$(BUILT_PRODUCTS_DIR)/MultiplatformApp.app/$(BUNDLE_EXECUTABLE_FOLDER_PATH)/MultiplatformApp";
			};
			name = Debug;
		};
		F9DDB89F2C217897007D1621 /* Release */ = {
			isa = XCBuildConfiguration;
			buildSettings = {
				ALWAYS_EMBED_SWIFT_STANDARD_LIBRARIES = YES;
				BUNDLE_LOADER = "$(TEST_HOST)";
				CODE_SIGN_STYLE = Automatic;
				CURRENT_PROJECT_VERSION = 1;
				GENERATE_INFOPLIST_FILE = YES;
				IPHONEOS_DEPLOYMENT_TARGET = 17.5;
				MACOSX_DEPLOYMENT_TARGET = 14.5;
				MARKETING_VERSION = 1.0;
				PRODUCT_BUNDLE_IDENTIFIER = dev.jobear.MultiplatformAppTests;
				PRODUCT_NAME = "$(TARGET_NAME)";
				SDKROOT = auto;
				SUPPORTED_PLATFORMS = "iphoneos iphonesimulator macosx";
				SWIFT_EMIT_LOC_STRINGS = NO;
				SWIFT_VERSION = 5.0;
				TARGETED_DEVICE_FAMILY = "1,2";
				TEST_HOST = "$(BUILT_PRODUCTS_DIR)/MultiplatformApp.app/$(BUNDLE_EXECUTABLE_FOLDER_PATH)/MultiplatformApp";
			};
			name = Release;
		};
		F9DDB8A12C217897007D1621 /* Debug */ = {
			isa = XCBuildConfiguration;
			buildSettings = {
				ALWAYS_EMBED_SWIFT_STANDARD_LIBRARIES = YES;
				CODE_SIGN_STYLE = Automatic;
				CURRENT_PROJECT_VERSION = 1;
				GENERATE_INFOPLIST_FILE = YES;
				IPHONEOS_DEPLOYMENT_TARGET = 17.5;
				MACOSX_DEPLOYMENT_TARGET = 14.5;
				MARKETING_VERSION = 1.0;
				PRODUCT_BUNDLE_IDENTIFIER = dev.jobear.MultiplatformAppUITests;
				PRODUCT_NAME = "$(TARGET_NAME)";
				SDKROOT = auto;
				SUPPORTED_PLATFORMS = "iphoneos iphonesimulator macosx";
				SWIFT_EMIT_LOC_STRINGS = NO;
				SWIFT_VERSION = 5.0;
				TARGETED_DEVICE_FAMILY = "1,2";
				TEST_TARGET_NAME = MultiplatformApp;
			};
			name = Debug;
		};
		F9DDB8A22C217897007D1621 /* Release */ = {
			isa = XCBuildConfiguration;
			buildSettings = {
				ALWAYS_EMBED_SWIFT_STANDARD_LIBRARIES = YES;
				CODE_SIGN_STYLE = Automatic;
				CURRENT_PROJECT_VERSION = 1;
				GENERATE_INFOPLIST_FILE = YES;
				IPHONEOS_DEPLOYMENT_TARGET = 17.5;
				MACOSX_DEPLOYMENT_TARGET = 14.5;
				MARKETING_VERSION = 1.0;
				PRODUCT_BUNDLE_IDENTIFIER = dev.jobear.MultiplatformAppUITests;
				PRODUCT_NAME = "$(TARGET_NAME)";
				SDKROOT = auto;
				SUPPORTED_PLATFORMS = "iphoneos iphonesimulator macosx";
				SWIFT_EMIT_LOC_STRINGS = NO;
				SWIFT_VERSION = 5.0;
				TARGETED_DEVICE_FAMILY = "1,2";
				TEST_TARGET_NAME = MultiplatformApp;
			};
			name = Release;
		};
/* End XCBuildConfiguration section */

/* Begin XCConfigurationList section */
		F9DDB8702C217897007D1621 /* Build configuration list for PBXProject "MultiplatformApp" */ = {
			isa = XCConfigurationList;
			buildConfigurations = (
				F9DDB8982C217897007D1621 /* Debug */,
				F9DDB8992C217897007D1621 /* Release */,
			);
			defaultConfigurationIsVisible = 0;
			defaultConfigurationName = Release;
		};
		F9DDB89A2C217897007D1621 /* Build configuration list for PBXNativeTarget "MultiplatformApp" */ = {
			isa = XCConfigurationList;
			buildConfigurations = (
				F9DDB89B2C217897007D1621 /* Debug */,
				F9DDB89C2C217897007D1621 /* Release */,
			);
			defaultConfigurationIsVisible = 0;
			defaultConfigurationName = Release;
		};
		F9DDB89D2C217897007D1621 /* Build configuration list for PBXNativeTarget "MultiplatformAppTests" */ = {
			isa = XCConfigurationList;
			buildConfigurations = (
				F9DDB89E2C217897007D1621 /* Debug */,
				F9DDB89F2C217897007D1621 /* Release */,
			);
			defaultConfigurationIsVisible = 0;
			defaultConfigurationName = Release;
		};
		F9DDB8A02C217897007D1621 /* Build configuration list for PBXNativeTarget "MultiplatformAppUITests" */ = {
			isa = XCConfigurationList;
			buildConfigurations = (
				F9DDB8A12C217897007D1621 /* Debug */,
				F9DDB8A22C217897007D1621 /* Release */,
			);
			defaultConfigurationIsVisible = 0;
			defaultConfigurationName = Release;
		};
/* End XCConfigurationList section */

/* Begin XCSwiftPackageProductDependency section */
		F969514B2C217E31009A4362 /* HUDHero */ = {
			isa = XCSwiftPackageProductDependency;
			productName = HUDHero;
		};
/* End XCSwiftPackageProductDependency section */
	};
	rootObject = F9DDB86D2C217897007D1621 /* Project object */;
}
